
Microsoft Visual Studio Solution File, Format Version 12.00
# Visual Studio Version 17
VisualStudioVersion = 17.10.35027.167
MinimumVisualStudioVersion = 10.0.40219.1
Project("{FAE04EC0-301F-11D3-BF4B-00C04F79EFBC}") = "Calculator", "Calculator\Calculator.csproj", "{DBAEE12B-1303-4E68-8D97-C714A9F67B23}"
EndProject
Global
	GlobalSection(SolutionConfigurationPlatforms) = preSolution
		Debug|Any CPU = Debug|Any CPU
		Release|Any CPU = Release|Any CPU
	EndGlobalSection
	GlobalSection(ProjectConfigurationPlatforms) = postSolution
		{DBAEE12B-1303-4E68-8D97-C714A9F67B23}.Debug|Any CPU.ActiveCfg = Debug|Any CPU
		{DBAEE12B-1303-4E68-8D97-C714A9F67B23}.Debug|Any CPU.Build.0 = Debug|Any CPU
		{DBAEE12B-1303-4E68-8D97-C714A9F67B23}.Release|Any CPU.ActiveCfg = Release|Any CPU
		{DBAEE12B-1303-4E68-8D97-C714A9F67B23}.Release|Any CPU.Build.0 = Release|Any CPU
	EndGlobalSection
	GlobalSection(SolutionProperties) = preSolution
		HideSolutionNode = FALSE
	EndGlobalSection
	GlobalSection(ExtensibilityGlobals) = postSolution
		SolutionGuid = {37C77D70-5CF6-44C3-9BB2-121F9D20A251}
	EndGlobalSection
EndGlobal
